
Microsoft Visual Studio Solution File, Format Version 12.00
# Visual Studio Version 16
VisualStudioVersion = 16.0.32106.194
MinimumVisualStudioVersion = 10.0.40219.1
Project("{FAE04EC0-301F-11D3-BF4B-00C04F79EFBC}") = "Lotto", "Lotto\Lotto.csproj", "{23722DBD-90BB-4196-9378-A03DF7DBE3FE}"
EndProject
Global
	GlobalSection(SolutionConfigurationPlatforms) = preSolution
		Debug|Any CPU = Debug|Any CPU
		Release|Any CPU = Release|Any CPU
	EndGlobalSection
	GlobalSection(ProjectConfigurationPlatforms) = postSolution
		{23722DBD-90BB-4196-9378-A03DF7DBE3FE}.Debug|Any CPU.ActiveCfg = Debug|Any CPU
		{23722DBD-90BB-4196-9378-A03DF7DBE3FE}.Debug|Any CPU.Build.0 = Debug|Any CPU
		{23722DBD-90BB-4196-9378-A03DF7DBE3FE}.Release|Any CPU.ActiveCfg = Release|Any CPU
		{23722DBD-90BB-4196-9378-A03DF7DBE3FE}.Release|Any CPU.Build.0 = Release|Any CPU
	EndGlobalSection
	GlobalSection(SolutionProperties) = preSolution
		HideSolutionNode = FALSE
	EndGlobalSection
	GlobalSection(ExtensibilityGlobals) = postSolution
		SolutionGuid = {86E560E3-4F12-4375-9F4C-89814A579A0C}
	EndGlobalSection
EndGlobal
