
Microsoft Visual Studio Solution File, Format Version 12.00
# Visual Studio Version 16
VisualStudioVersion = 16.0.32106.194
MinimumVisualStudioVersion = 10.0.40219.1
Project("{FAE04EC0-301F-11D3-BF4B-00C04F79EFBC}") = "Cast", "Cast\Cast.csproj", "{DA42F1BB-F0E2-48FD-9FA3-56EAD7E90571}"
EndProject
Global
	GlobalSection(SolutionConfigurationPlatforms) = preSolution
		Debug|Any CPU = Debug|Any CPU
		Release|Any CPU = Release|Any CPU
	EndGlobalSection
	GlobalSection(ProjectConfigurationPlatforms) = postSolution
		{DA42F1BB-F0E2-48FD-9FA3-56EAD7E90571}.Debug|Any CPU.ActiveCfg = Debug|Any CPU
		{DA42F1BB-F0E2-48FD-9FA3-56EAD7E90571}.Debug|Any CPU.Build.0 = Debug|Any CPU
		{DA42F1BB-F0E2-48FD-9FA3-56EAD7E90571}.Release|Any CPU.ActiveCfg = Release|Any CPU
		{DA42F1BB-F0E2-48FD-9FA3-56EAD7E90571}.Release|Any CPU.Build.0 = Release|Any CPU
	EndGlobalSection
	GlobalSection(SolutionProperties) = preSolution
		HideSolutionNode = FALSE
	EndGlobalSection
	GlobalSection(ExtensibilityGlobals) = postSolution
		SolutionGuid = {F8E7188F-CE34-413F-AC05-E0BC2EB015E8}
	EndGlobalSection
EndGlobal
