
Microsoft Visual Studio Solution File, Format Version 12.00
# Visual Studio Version 16
VisualStudioVersion = 16.0.32106.194
MinimumVisualStudioVersion = 10.0.40219.1
Project("{FAE04EC0-301F-11D3-BF4B-00C04F79EFBC}") = "Constant", "Constant\Constant.csproj", "{1E0FB6DD-64A6-433E-8230-845BB922683A}"
EndProject
Global
	GlobalSection(SolutionConfigurationPlatforms) = preSolution
		Debug|Any CPU = Debug|Any CPU
		Release|Any CPU = Release|Any CPU
	EndGlobalSection
	GlobalSection(ProjectConfigurationPlatforms) = postSolution
		{1E0FB6DD-64A6-433E-8230-845BB922683A}.Debug|Any CPU.ActiveCfg = Debug|Any CPU
		{1E0FB6DD-64A6-433E-8230-845BB922683A}.Debug|Any CPU.Build.0 = Debug|Any CPU
		{1E0FB6DD-64A6-433E-8230-845BB922683A}.Release|Any CPU.ActiveCfg = Release|Any CPU
		{1E0FB6DD-64A6-433E-8230-845BB922683A}.Release|Any CPU.Build.0 = Release|Any CPU
	EndGlobalSection
	GlobalSection(SolutionProperties) = preSolution
		HideSolutionNode = FALSE
	EndGlobalSection
	GlobalSection(ExtensibilityGlobals) = postSolution
		SolutionGuid = {CE098FE1-D355-4742-8172-C847F2C041D1}
	EndGlobalSection
EndGlobal
