
Microsoft Visual Studio Solution File, Format Version 12.00
# Visual Studio Version 16
VisualStudioVersion = 16.0.32106.194
MinimumVisualStudioVersion = 10.0.40219.1
Project("{FAE04EC0-301F-11D3-BF4B-00C04F79EFBC}") = "Features", "Features\Features.csproj", "{8BAC3435-2F82-4CDB-9757-7B695B8BBC79}"
EndProject
Global
	GlobalSection(SolutionConfigurationPlatforms) = preSolution
		Debug|Any CPU = Debug|Any CPU
		Release|Any CPU = Release|Any CPU
	EndGlobalSection
	GlobalSection(ProjectConfigurationPlatforms) = postSolution
		{8BAC3435-2F82-4CDB-9757-7B695B8BBC79}.Debug|Any CPU.ActiveCfg = Debug|Any CPU
		{8BAC3435-2F82-4CDB-9757-7B695B8BBC79}.Debug|Any CPU.Build.0 = Debug|Any CPU
		{8BAC3435-2F82-4CDB-9757-7B695B8BBC79}.Release|Any CPU.ActiveCfg = Release|Any CPU
		{8BAC3435-2F82-4CDB-9757-7B695B8BBC79}.Release|Any CPU.Build.0 = Release|Any CPU
	EndGlobalSection
	GlobalSection(SolutionProperties) = preSolution
		HideSolutionNode = FALSE
	EndGlobalSection
	GlobalSection(ExtensibilityGlobals) = postSolution
		SolutionGuid = {451C3DFC-05B5-4669-B591-6C414775A513}
	EndGlobalSection
EndGlobal
