
Microsoft Visual Studio Solution File, Format Version 12.00
# Visual Studio Version 16
VisualStudioVersion = 16.0.32106.194
MinimumVisualStudioVersion = 10.0.40219.1
Project("{FAE04EC0-301F-11D3-BF4B-00C04F79EFBC}") = "Refactor", "Refactor\Refactor.csproj", "{B3697B28-9897-423D-9A0E-60A6A1B4A617}"
EndProject
Global
	GlobalSection(SolutionConfigurationPlatforms) = preSolution
		Debug|Any CPU = Debug|Any CPU
		Release|Any CPU = Release|Any CPU
	EndGlobalSection
	GlobalSection(ProjectConfigurationPlatforms) = postSolution
		{B3697B28-9897-423D-9A0E-60A6A1B4A617}.Debug|Any CPU.ActiveCfg = Debug|Any CPU
		{B3697B28-9897-423D-9A0E-60A6A1B4A617}.Debug|Any CPU.Build.0 = Debug|Any CPU
		{B3697B28-9897-423D-9A0E-60A6A1B4A617}.Release|Any CPU.ActiveCfg = Release|Any CPU
		{B3697B28-9897-423D-9A0E-60A6A1B4A617}.Release|Any CPU.Build.0 = Release|Any CPU
	EndGlobalSection
	GlobalSection(SolutionProperties) = preSolution
		HideSolutionNode = FALSE
	EndGlobalSection
	GlobalSection(ExtensibilityGlobals) = postSolution
		SolutionGuid = {49C096A1-B31E-451D-840C-9FB9FF6EA94A}
	EndGlobalSection
EndGlobal
