
Microsoft Visual Studio Solution File, Format Version 12.00
# Visual Studio Version 16
VisualStudioVersion = 16.0.32106.194
MinimumVisualStudioVersion = 10.0.40219.1
Project("{FAE04EC0-301F-11D3-BF4B-00C04F79EFBC}") = "Parts", "Parts\Parts.csproj", "{7F036B5C-58C2-4F17-AE05-CF21097ACD74}"
EndProject
Global
	GlobalSection(SolutionConfigurationPlatforms) = preSolution
		Debug|Any CPU = Debug|Any CPU
		Release|Any CPU = Release|Any CPU
	EndGlobalSection
	GlobalSection(ProjectConfigurationPlatforms) = postSolution
		{7F036B5C-58C2-4F17-AE05-CF21097ACD74}.Debug|Any CPU.ActiveCfg = Debug|Any CPU
		{7F036B5C-58C2-4F17-AE05-CF21097ACD74}.Debug|Any CPU.Build.0 = Debug|Any CPU
		{7F036B5C-58C2-4F17-AE05-CF21097ACD74}.Release|Any CPU.ActiveCfg = Release|Any CPU
		{7F036B5C-58C2-4F17-AE05-CF21097ACD74}.Release|Any CPU.Build.0 = Release|Any CPU
	EndGlobalSection
	GlobalSection(SolutionProperties) = preSolution
		HideSolutionNode = FALSE
	EndGlobalSection
	GlobalSection(ExtensibilityGlobals) = postSolution
		SolutionGuid = {F668EFC9-7C39-4D74-8737-33AE741293C1}
	EndGlobalSection
EndGlobal
